
Microsoft Visual Studio Solution File, Format Version 12.00
# Visual Studio Version 16
VisualStudioVersion = 16.0.30611.23
MinimumVisualStudioVersion = 10.0.40219.1
Project("{8BC9CEB8-8B4A-11D0-8D11-00A0C91BC942}") = "FrasasoSrv", "FrasasoSrv.vcxproj", "{6274AA43-D6DC-4921-8390-ADABB8CB8734}"
EndProject
Global
	GlobalSection(SolutionConfigurationPlatforms) = preSolution
		Debug|x64 = Debug|x64
		Debug|x86 = Debug|x86
		Release|x64 = Release|x64
		Release|x86 = Release|x86
	EndGlobalSection
	GlobalSection(ProjectConfigurationPlatforms) = postSolution
		{6274AA43-D6DC-4921-8390-ADABB8CB8734}.Debug|x64.ActiveCfg = Debug|x64
		{6274AA43-D6DC-4921-8390-ADABB8CB8734}.Debug|x64.Build.0 = Debug|x64
		{6274AA43-D6DC-4921-8390-ADABB8CB8734}.Debug|x86.ActiveCfg = Debug|Win32
		{6274AA43-D6DC-4921-8390-ADABB8CB8734}.Debug|x86.Build.0 = Debug|Win32
		{6274AA43-D6DC-4921-8390-ADABB8CB8734}.Release|x64.ActiveCfg = Release|x64
		{6274AA43-D6DC-4921-8390-ADABB8CB8734}.Release|x64.Build.0 = Release|x64
		{6274AA43-D6DC-4921-8390-ADABB8CB8734}.Release|x86.ActiveCfg = Release|Win32
		{6274AA43-D6DC-4921-8390-ADABB8CB8734}.Release|x86.Build.0 = Release|Win32
	EndGlobalSection
	GlobalSection(SolutionProperties) = preSolution
		HideSolutionNode = FALSE
	EndGlobalSection
	GlobalSection(ExtensibilityGlobals) = postSolution
		SolutionGuid = {0FC91093-834F-4FEF-A25F-943BBB0519EB}
	EndGlobalSection
EndGlobal
